
Microsoft Visual Studio Solution File, Format Version 12.00
# Visual Studio Version 17
VisualStudioVersion = 17.9.34728.123
MinimumVisualStudioVersion = 10.0.40219.1
Project("{FAE04EC0-301F-11D3-BF4B-00C04F79EFBC}") = "Booking(2)", "Booking(2)\Booking(2).csproj", "{CBBF4F9B-E635-4F4E-B117-0716989DACFE}"
EndProject
Global
	GlobalSection(SolutionConfigurationPlatforms) = preSolution
		Debug|Any CPU = Debug|Any CPU
		Release|Any CPU = Release|Any CPU
	EndGlobalSection
	GlobalSection(ProjectConfigurationPlatforms) = postSolution
		{CBBF4F9B-E635-4F4E-B117-0716989DACFE}.Debug|Any CPU.ActiveCfg = Debug|Any CPU
		{CBBF4F9B-E635-4F4E-B117-0716989DACFE}.Debug|Any CPU.Build.0 = Debug|Any CPU
		{CBBF4F9B-E635-4F4E-B117-0716989DACFE}.Release|Any CPU.ActiveCfg = Release|Any CPU
		{CBBF4F9B-E635-4F4E-B117-0716989DACFE}.Release|Any CPU.Build.0 = Release|Any CPU
	EndGlobalSection
	GlobalSection(SolutionProperties) = preSolution
		HideSolutionNode = FALSE
	EndGlobalSection
	GlobalSection(ExtensibilityGlobals) = postSolution
		SolutionGuid = {E3C38484-ACFE-4936-85A2-9FE3269EB97C}
	EndGlobalSection
EndGlobal
